
Microsoft Visual Studio Solution File, Format Version 12.00
# Visual Studio Version 17
VisualStudioVersion = 17.8.34525.116
MinimumVisualStudioVersion = 10.0.40219.1
Project("{FAE04EC0-301F-11D3-BF4B-00C04F79EFBC}") = "TaskManagementApplication", "TaskManagementApplication\TaskManagementApplication.csproj", "{942C3392-10E3-4739-9B7B-3828EB77DB23}"
EndProject
Global
	GlobalSection(SolutionConfigurationPlatforms) = preSolution
		Debug|Any CPU = Debug|Any CPU
		Release|Any CPU = Release|Any CPU
	EndGlobalSection
	GlobalSection(ProjectConfigurationPlatforms) = postSolution
		{942C3392-10E3-4739-9B7B-3828EB77DB23}.Debug|Any CPU.ActiveCfg = Debug|Any CPU
		{942C3392-10E3-4739-9B7B-3828EB77DB23}.Debug|Any CPU.Build.0 = Debug|Any CPU
		{942C3392-10E3-4739-9B7B-3828EB77DB23}.Release|Any CPU.ActiveCfg = Release|Any CPU
		{942C3392-10E3-4739-9B7B-3828EB77DB23}.Release|Any CPU.Build.0 = Release|Any CPU
	EndGlobalSection
	GlobalSection(SolutionProperties) = preSolution
		HideSolutionNode = FALSE
	EndGlobalSection
	GlobalSection(ExtensibilityGlobals) = postSolution
		SolutionGuid = {FBEFB3DA-972D-41C4-BEAD-3593D70FEF69}
	EndGlobalSection
EndGlobal
